PODS:
  - KetchSDK (4.0.3)
  - KetchSDKWrapperCocoaPod (0.2.0):
    - KetchSDK (= 4.0.3)

DEPENDENCIES:
  - KetchSDKWrapperCocoaPod (from `../`)

SPEC REPOS:
  trunk:
    - KetchSDK

EXTERNAL SOURCES:
  KetchSDKWrapperCocoaPod:
    :path: "../"

SPEC CHECKSUMS:
  KetchSDK: 8aafe383bab66b06e6628bdb3aafe2ee5cae68d3
  KetchSDKWrapperCocoaPod: 2d3839c5bad108648b9b9da16da217b1a45d25a0

PODFILE CHECKSUM: a1dca9b7f9120075041847364f96ed231fe13603

COCOAPODS: 1.15.2
